
Microsoft Visual Studio Solution File, Format Version 11.00
# Visual Studio 2010
Project("{8BC9CEB8-8B4A-11D0-8D11-00A0C91BC942}") = "adbserver", "adbserver\adbserver.vcxproj", "{C14D8A48-0BE1-4DDE-8A7F-96F78C2DD62A}"
EndProject
Global
	GlobalSection(SolutionConfigurationPlatforms) = preSolution
		Debug|Win32 = Debug|Win32
		Release|Win32 = Release|Win32
	EndGlobalSection
	GlobalSection(ProjectConfigurationPlatforms) = postSolution
		{C14D8A48-0BE1-4DDE-8A7F-96F78C2DD62A}.Debug|Win32.ActiveCfg = Debug|Win32
		{C14D8A48-0BE1-4DDE-8A7F-96F78C2DD62A}.Debug|Win32.Build.0 = Debug|Win32
		{C14D8A48-0BE1-4DDE-8A7F-96F78C2DD62A}.Release|Win32.ActiveCfg = Release|Win32
		{C14D8A48-0BE1-4DDE-8A7F-96F78C2DD62A}.Release|Win32.Build.0 = Release|Win32
	EndGlobalSection
	GlobalSection(SolutionProperties) = preSolution
		HideSolutionNode = FALSE
	EndGlobalSection
EndGlobal
