<?xml version="1.0" encoding="utf-8"?>
<Project ToolsVersion="4.0" xmlns="http://schemas.microsoft.com/developer/msbuild/2003">
  <ItemGroup>
    <Filter Include="Source Files">
      <UniqueIdentifier>{4FC737F1-C7A5-4376-A066-2A32D752A2FF}</UniqueIdentifier>
      <Extensions>cpp;c;cc;cxx;def;odl;idl;hpj;bat;asm;asmx</Extensions>
    </Filter>
    <Filter Include="Header Files">
      <UniqueIdentifier>{93995380-89BD-4b04-88EB-625FBE52EBFB}</UniqueIdentifier>
      <Extensions>h;hpp;hxx;hm;inl;inc;xsd</Extensions>
    </Filter>
    <Filter Include="Resource Files">
      <UniqueIdentifier>{67DA6AB6-F800-4c08-8B7A-83BB121AAD01}</UniqueIdentifier>
      <Extensions>rc;ico;cur;bmp;dlg;rc2;rct;bin;rgs;gif;jpg;jpeg;jpe;resx;tiff;tif;png;wav;mfcribbon-ms</Extensions>
    </Filter>
    <Filter Include="adborg">
      <UniqueIdentifier>{7c47b851-9f6a-4d63-9d9e-6fc57399b6df}</UniqueIdentifier>
    </Filter>
    <Filter Include="adb_api">
      <UniqueIdentifier>{b8c3cfb8-06b6-4b5c-a269-c10894c01dea}</UniqueIdentifier>
    </Filter>
    <Filter Include="porting">
      <UniqueIdentifier>{18abe530-e47f-4e29-b552-517ab11a7d38}</UniqueIdentifier>
    </Filter>
  </ItemGroup>
  <ItemGroup>
    <None Include="ReadMe.txt" />
  </ItemGroup>
  <ItemGroup>
    <ClInclude Include="stdafx.h">
      <Filter>Header Files</Filter>
    </ClInclude>
    <ClInclude Include="targetver.h">
      <Filter>Header Files</Filter>
    </ClInclude>
    <ClInclude Include="adb_api\adb_api.h">
      <Filter>adb_api</Filter>
    </ClInclude>
    <ClInclude Include="adb_api\adb_api_extra.h">
      <Filter>adb_api</Filter>
    </ClInclude>
    <ClInclude Include="adborg\adb.h">
      <Filter>Header Files</Filter>
    </ClInclude>
    <ClInclude Include="adborg\adb_auth.h">
      <Filter>Header Files</Filter>
    </ClInclude>
    <ClInclude Include="adborg\adb_client.h">
      <Filter>Header Files</Filter>
    </ClInclude>
    <ClInclude Include="adborg\fdevent.h">
      <Filter>Header Files</Filter>
    </ClInclude>
    <ClInclude Include="adborg\file_sync_service.h">
      <Filter>Header Files</Filter>
    </ClInclude>
    <ClInclude Include="adborg\mutex_list.h">
      <Filter>Header Files</Filter>
    </ClInclude>
    <ClInclude Include="adborg\sysdeps.h">
      <Filter>Header Files</Filter>
    </ClInclude>
    <ClInclude Include="adborg\transport.h">
      <Filter>Header Files</Filter>
    </ClInclude>
    <ClInclude Include="adborg\usb_vendors.h">
      <Filter>Header Files</Filter>
    </ClInclude>
    <ClInclude Include="adborg\utils.h">
      <Filter>Header Files</Filter>
    </ClInclude>
    <ClInclude Include="porting\dirent.h">
      <Filter>porting</Filter>
    </ClInclude>
    <ClInclude Include="porting\unistd.h">
      <Filter>porting</Filter>
    </ClInclude>
    <ClInclude Include="porting\zipfile.h">
      <Filter>porting</Filter>
    </ClInclude>
  </ItemGroup>
  <ItemGroup>
    <ClCompile Include="stdafx.cpp">
      <Filter>Source Files</Filter>
    </ClCompile>
    <ClCompile Include="adbserver.cpp">
      <Filter>Source Files</Filter>
    </ClCompile>
    <ClCompile Include="adborg\adb.c">
      <Filter>adborg</Filter>
    </ClCompile>
    <ClCompile Include="adborg\adb_auth_host.c">
      <Filter>adborg</Filter>
    </ClCompile>
    <ClCompile Include="adborg\adb_client.c">
      <Filter>adborg</Filter>
    </ClCompile>
    <ClCompile Include="adborg\commandline.c">
      <Filter>adborg</Filter>
    </ClCompile>
    <ClCompile Include="adborg\console.c">
      <Filter>adborg</Filter>
    </ClCompile>
    <ClCompile Include="adborg\file_sync_client.c">
      <Filter>adborg</Filter>
    </ClCompile>
    <ClCompile Include="adborg\get_my_path_windows.c">
      <Filter>adborg</Filter>
    </ClCompile>
    <ClCompile Include="adborg\services.c">
      <Filter>adborg</Filter>
    </ClCompile>
    <ClCompile Include="adborg\sockets.c">
      <Filter>adborg</Filter>
    </ClCompile>
    <ClCompile Include="adborg\transport.c">
      <Filter>adborg</Filter>
    </ClCompile>
    <ClCompile Include="adborg\transport_local.c">
      <Filter>adborg</Filter>
    </ClCompile>
    <ClCompile Include="adborg\transport_usb.c">
      <Filter>adborg</Filter>
    </ClCompile>
    <ClCompile Include="adborg\usb_vendors.c">
      <Filter>adborg</Filter>
    </ClCompile>
    <ClCompile Include="adborg\usb_windows.c">
      <Filter>adborg</Filter>
    </ClCompile>
    <ClCompile Include="adborg\utils.c">
      <Filter>adborg</Filter>
    </ClCompile>
    <ClCompile Include="adb_api\adb_api.cpp">
      <Filter>adb_api</Filter>
    </ClCompile>
    <ClCompile Include="porting\zipfile.c">
      <Filter>porting</Filter>
    </ClCompile>
    <ClCompile Include="adborg\sysdeps_win32.c">
      <Filter>adborg</Filter>
    </ClCompile>
    <ClCompile Include="porting\list.c">
      <Filter>porting</Filter>
    </ClCompile>
    <ClCompile Include="porting\centraldir.c">
      <Filter>porting</Filter>
    </ClCompile>
  </ItemGroup>
</Project>